<?xml version="1.0" encoding="utf-8"?>
<Project ToolsVersion="4.0" xmlns="http://schemas.microsoft.com/developer/msbuild/2003">
  <ItemGroup>
    <Filter Include="Source Files">
      <UniqueIdentifier>{4FC737F1-C7A5-4376-A066-2A32D752A2FF}</UniqueIdentifier>
      <Extensions>cpp;c;cc;cxx;def;odl;idl;hpj;bat;asm;asmx</Extensions>
    </Filter>
    <Filter Include="Header Files">
      <UniqueIdentifier>{93995380-89BD-4b04-88EB-625FBE52EBFB}</UniqueIdentifier>
      <Extensions>h;hh;hpp;hxx;hm;inl;inc;xsd</Extensions>
    </Filter>
    <Filter Include="Resource Files">
      <UniqueIdentifier>{67DA6AB6-F800-4c08-8B7A-83BB121AAD01}</UniqueIdentifier>
      <Extensions>rc;ico;cur;bmp;dlg;rc2;rct;bin;rgs;gif;jpg;jpeg;jpe;resx;tiff;tif;png;wav;mfcribbon-ms</Extensions>
    </Filter>
    <Filter Include="Source Files\Game">
      <UniqueIdentifier>{2e40dd6d-f06c-4627-8eee-3d618fc0585f}</UniqueIdentifier>
    </Filter>
    <Filter Include="Source Files\Models">
      <UniqueIdentifier>{82b1a071-5a7d-4ad6-afb3-0dbbbabfb4d6}</UniqueIdentifier>
    </Filter>
    <Filter Include="Source Files\UI">
      <UniqueIdentifier>{e8f3e6b9-bb25-41ae-b887-c724a8d709fe}</UniqueIdentifier>
    </Filter>
    <Filter Include="Source Files\Models\UI">
      <UniqueIdentifier>{71c8f78c-1bc4-4295-b9ca-973cbf0ced67}</UniqueIdentifier>
    </Filter>
    <Filter Include="Source Files\Graphics">
      <UniqueIdentifier>{a73c81af-0e7b-4e5f-bf04-20c5fd529524}</UniqueIdentifier>
    </Filter>
    <Filter Include="Source Files\Util">
      <UniqueIdentifier>{3c8770cc-2c16-47e6-9d6d-bdd3a705cb5c}</UniqueIdentifier>
    </Filter>
  </ItemGroup>
  <ItemGroup>
    <ClInclude Include="Context.h">
      <Filter>Source Files\Game</Filter>
    </ClInclude>
    <ClInclude Include="Constants.h">
      <Filter>Source Files\Game</Filter>
    </ClInclude>
    <ClInclude Include="IUpdatable.h">
      <Filter>Source Files\Models</Filter>
    </ClInclude>
    <ClInclude Include="IRenderable.h">
      <Filter>Source Files\Models</Filter>
    </ClInclude>
    <ClInclude Include="UIHandler.h">
      <Filter>Source Files\UI</Filter>
    </ClInclude>
    <ClInclude Include="Label.h">
      <Filter>Source Files\Models\UI</Filter>
    </ClInclude>
    <ClInclude Include="Pooper.h">
      <Filter>Source Files\Models</Filter>
    </ClInclude>
    <ClInclude Include="PoopCollector.h">
      <Filter>Source Files\Game</Filter>
    </ClInclude>
    <ClInclude Include="Button.h">
      <Filter>Source Files\Models\UI</Filter>
    </ClInclude>
    <ClInclude Include="IClickable.h">
      <Filter>Source Files\Models</Filter>
    </ClInclude>
    <ClInclude Include="BatchRenderer.h">
      <Filter>Source Files\Graphics</Filter>
    </ClInclude>
    <ClInclude Include="Collision.h">
      <Filter>Source Files\Util</Filter>
    </ClInclude>
    <ClInclude Include="IHoverable.h">
      <Filter>Source Files\Models</Filter>
    </ClInclude>
    <ClInclude Include="StaticElement.h">
      <Filter>Source Files\Models\UI</Filter>
    </ClInclude>
    <ClInclude Include="CollisionMap.h">
      <Filter>Source Files\Util</Filter>
    </ClInclude>
    <ClInclude Include="UpdatableItems.h">
      <Filter>Source Files\Models\UI</Filter>
    </ClInclude>
    <ClInclude Include="IIdlable.h">
      <Filter>Source Files\Models</Filter>
    </ClInclude>
    <ClInclude Include="UIList.h">
      <Filter>Source Files\Models\UI</Filter>
    </ClInclude>
    <ClInclude Include="ListItem.h">
      <Filter>Source Files\Models\UI</Filter>
    </ClInclude>
    <ClInclude Include="CustomListItem.h">
      <Filter>Source Files\Models\UI</Filter>
    </ClInclude>
  </ItemGroup>
  <ItemGroup>
    <ClCompile Include="Ypim.cpp">
      <Filter>Source Files</Filter>
    </ClCompile>
    <ClCompile Include="Context.cpp">
      <Filter>Source Files\Game</Filter>
    </ClCompile>
    <ClCompile Include="UIHandler.cpp">
      <Filter>Source Files\UI</Filter>
    </ClCompile>
    <ClCompile Include="Label.cpp">
      <Filter>Source Files\Models\UI</Filter>
    </ClCompile>
    <ClCompile Include="PoopCollector.cpp">
      <Filter>Source Files\Game</Filter>
    </ClCompile>
    <ClCompile Include="BatchRenderer.cpp">
      <Filter>Source Files\Graphics</Filter>
    </ClCompile>
    <ClCompile Include="Button.cpp">
      <Filter>Source Files\Models\UI</Filter>
    </ClCompile>
    <ClCompile Include="Collision.cpp">
      <Filter>Source Files\Util</Filter>
    </ClCompile>
    <ClCompile Include="StaticElement.cpp">
      <Filter>Source Files\Models\UI</Filter>
    </ClCompile>
    <ClCompile Include="CollisionMap.cpp">
      <Filter>Source Files\Util</Filter>
    </ClCompile>
    <ClCompile Include="UIList.cpp">
      <Filter>Source Files\Models\UI</Filter>
    </ClCompile>
    <ClCompile Include="CustomListItem.cpp">
      <Filter>Source Files\Models\UI</Filter>
    </ClCompile>
  </ItemGroup>
</Project>